
Microsoft Visual Studio Solution File, Format Version 12.00
# Visual Studio Version 17
VisualStudioVersion = 17.1.32414.318
MinimumVisualStudioVersion = 10.0.40219.1
Project("{FAE04EC0-301F-11D3-BF4B-00C04F79EFBC}") = "TestClient", "Tests\TestClient\TestClient\TestClient.csproj", "{4DE23BCA-924B-42B4-A0C8-00F340F11144}"
EndProject
Project("{9A19103F-16F7-4668-BE54-9A1E7A4F7556}") = "Common.EntityBase", "Common.EntityBase\Common.EntityBase.csproj", "{D6CDF30D-72E0-43C2-A654-EF3461E535A1}"
EndProject
Project("{9A19103F-16F7-4668-BE54-9A1E7A4F7556}") = "Common.PresentationBase", "Common.PresentationBase\Common.PresentationBase.csproj", "{1F576DB8-00D2-414B-BC30-D1D1B5E0FE71}"
EndProject
Project("{2150E333-8FDC-42A3-9474-1A3956D46DE8}") = "Tests", "Tests", "{43A68957-141D-4F90-B419-9443939E1732}"
EndProject
Project("{2150E333-8FDC-42A3-9474-1A3956D46DE8}") = "TestApps", "TestApps", "{0E6ABEED-3FA9-47B1-BA9C-8621C788AD22}"
EndProject
Project("{2150E333-8FDC-42A3-9474-1A3956D46DE8}") = "Common", "Common", "{4A443D9E-903F-4AC9-94F8-3FBC6E96713D}"
EndProject
Project("{9A19103F-16F7-4668-BE54-9A1E7A4F7556}") = "Common.AssemblyResolver", "Common.AssemblyResolver\Common.AssemblyResolver.csproj", "{925EECC6-B8D5-43A3-8D6F-9490603908EB}"
EndProject
Project("{2150E333-8FDC-42A3-9474-1A3956D46DE8}") = "Samples", "Samples", "{24A3EDBA-F995-4D90-BA60-4655BA36C4CE}"
EndProject
Project("{9A19103F-16F7-4668-BE54-9A1E7A4F7556}") = "EasySample", "Samples\EasySample\EasySample.csproj", "{C492D380-AB30-490A-BA29-FD368CC175B5}"
EndProject
Project("{9A19103F-16F7-4668-BE54-9A1E7A4F7556}") = "ApplicationWindowSample", "Samples\ApplicationWindowSample\ApplicationWindowSample.csproj", "{BA929F4C-BB5D-4FA3-9B87-9AC1DD3AB0A8}"
EndProject
Project("{2150E333-8FDC-42A3-9474-1A3956D46DE8}") = "02, AppInsight", "02, AppInsight", "{A75535B2-DC8C-4E71-82FF-8E78B6322981}"
EndProject
Project("{9A19103F-16F7-4668-BE54-9A1E7A4F7556}") = "TelemetryViewer", "TestApps\02, AppInsight\TelemetryViewer\TelemetryViewer.csproj", "{4A0773E3-090D-4277-B1FE-0A5EC7C9846C}"
EndProject
Project("{9A19103F-16F7-4668-BE54-9A1E7A4F7556}") = "ApplicationInsightQuery", "TestApps\02, AppInsight\ApplicationInsightQuery\ApplicationInsightQuery.csproj", "{95302C54-BDEB-4A76-B68D-465A04A95AF0}"
EndProject
Project("{2150E333-8FDC-42A3-9474-1A3956D46DE8}") = "05. SoftwareManager", "05. SoftwareManager", "{7DD11D17-E986-41B0-9937-0F3DEA8F36EA}"
EndProject
Project("{FAE04EC0-301F-11D3-BF4B-00C04F79EFBC}") = "SoftwareManager.Client", "TestApps\05. SoftwareManager\SoftwareManager.Client\SoftwareManager.Client.csproj", "{E0135E45-48F3-4DF0-A333-D1DFAC63912D}"
EndProject
Project("{FAE04EC0-301F-11D3-BF4B-00C04F79EFBC}") = "SoftwareManager.Service", "TestApps\05. SoftwareManager\SoftwareManager.Service\SoftwareManager.Service.csproj", "{87206A6D-876B-406A-A6DD-D32E16820290}"
EndProject
Project("{FAE04EC0-301F-11D3-BF4B-00C04F79EFBC}") = "SoftwareManager.Configuration", "TestApps\05. SoftwareManager\SoftwareManager.Configuration\SoftwareManager.Configuration.csproj", "{660CE0A7-3574-4379-A829-AFC1412A860E}"
EndProject
Project("{FAE04EC0-301F-11D3-BF4B-00C04F79EFBC}") = "SoftwareManager.CustomAction", "TestApps\05. SoftwareManager\SoftwareManager.CustomAction\SoftwareManager.CustomAction.csproj", "{50300CEC-1F4D-4CE8-B66B-1AF5658FE102}"
EndProject
Project("{54435603-DBB4-11D2-8724-00A0C9A8B90C}") = "SoftwareManager.Installer", "TestApps\05. SoftwareManager\SoftwareManager.Installer\SoftwareManager.Installer.vdproj", "{52422A88-918A-4588-A22A-AAD40EA28F94}"
EndProject
Project("{9A19103F-16F7-4668-BE54-9A1E7A4F7556}") = "Common.ComponentBase", "Common.ComponentBase\Common.ComponentBase.csproj", "{60052275-4E3B-43E3-9A7D-698D35F2F9A4}"
EndProject
Project("{9A19103F-16F7-4668-BE54-9A1E7A4F7556}") = "Common.PresentationBase.Azure", "Common.PresentationBase.Azure\Common.PresentationBase.Azure.csproj", "{9541A7B2-FAAE-4504-A4E5-B7E2638BED8E}"
EndProject
Project("{2150E333-8FDC-42A3-9474-1A3956D46DE8}") = "09. Office", "09. Office", "{B9D03668-D5CC-4ECB-8F0E-4C68BCF5C28F}"
EndProject
Project("{2150E333-8FDC-42A3-9474-1A3956D46DE8}") = "02. Messaging", "02. Messaging", "{1E1E7A2C-8019-447F-9764-7322B9660918}"
EndProject
Project("{2150E333-8FDC-42A3-9474-1A3956D46DE8}") = "_ext", "_ext", "{C67834F5-0EA5-4666-B4D5-FA819053AC88}"
EndProject
Project("{9A19103F-16F7-4668-BE54-9A1E7A4F7556}") = "Common.PresentationBase.Abstractions", "Common.PresentationBase.Abstractions\Common.PresentationBase.Abstractions.csproj", "{A9C02EDC-2ECB-414C-AD4B-A2B2DA6594F8}"
EndProject
Project("{9A19103F-16F7-4668-BE54-9A1E7A4F7556}") = "Common.ComponentBase.Abstractions", "Common.ComponentBase.Abstractions\Common.ComponentBase.Abstractions.csproj", "{AE9628BF-4839-4E5A-95F8-336C1EE20C3B}"
EndProject
Project("{2150E333-8FDC-42A3-9474-1A3956D46DE8}") = "00. Security", "00. Security", "{8F685748-B1CE-4DFA-B367-17A12C9E8FBE}"
EndProject
Project("{FAE04EC0-301F-11D3-BF4B-00C04F79EFBC}") = "Common.ComponentBase.462", "Common.ComponentBase.461\Common.ComponentBase.462.csproj", "{FBBA4BA9-46E6-4305-B74C-3BA364387FFF}"
EndProject
Project("{2150E333-8FDC-42A3-9474-1A3956D46DE8}") = "01. Compute", "01. Compute", "{53E749AA-CF51-4F7C-97AC-39D5C712B72F}"
EndProject
Project("{2150E333-8FDC-42A3-9474-1A3956D46DE8}") = "03. Database", "03. Database", "{141FE649-2E71-462C-806D-CF84EA336E07}"
EndProject
Project("{9A19103F-16F7-4668-BE54-9A1E7A4F7556}") = "EventHubSample", "Samples\02. Messaging\EventHubSample\EventHubSample.csproj", "{86DD871E-D981-42E3-8A81-42DD27189D66}"
EndProject
Project("{9A19103F-16F7-4668-BE54-9A1E7A4F7556}") = "ServiceBusSample", "Samples\02. Messaging\ServiceBusSample\ServiceBusSample.csproj", "{E6C558BC-46CF-4D6F-A336-DA534D932183}"
EndProject
Project("{9A19103F-16F7-4668-BE54-9A1E7A4F7556}") = "VMSample", "Samples\01. Compute\VMSample\VMSample.csproj", "{C01C4922-CE62-4FD9-B08E-A9CC9938A625}"
EndProject
Project("{9A19103F-16F7-4668-BE54-9A1E7A4F7556}") = "KustoSample", "Samples\03. Database\KustoSample\KustoSample.csproj", "{A3680A90-1D4C-4C49-8469-3FD494A8551C}"
EndProject
Project("{9A19103F-16F7-4668-BE54-9A1E7A4F7556}") = "AKSSample", "Samples\01. Compute\AKSSample\AKSSample.csproj", "{B371E27A-E05E-40BF-B4BA-85A48EB7A416}"
EndProject
Project("{9A19103F-16F7-4668-BE54-9A1E7A4F7556}") = "KeyVaultSample", "Samples\00. Security\KeyVaultSample\KeyVaultSample.csproj", "{F2E65731-A481-4499-8234-E06DD0DDE076}"
EndProject
Project("{9A19103F-16F7-4668-BE54-9A1E7A4F7556}") = "IotHubSampleDevice", "Samples\02. Messaging\IotHubSampleDevice\IotHubSampleDevice.csproj", "{B139BF01-3AF4-4351-9A31-B0D377A1D167}"
EndProject
Project("{9A19103F-16F7-4668-BE54-9A1E7A4F7556}") = "IotHubSampleHub", "Samples\02. Messaging\IotHubSampleHub\IotHubSampleHub.csproj", "{E52F2A82-5706-49E2-A4F9-C4348668B770}"
EndProject
Project("{9A19103F-16F7-4668-BE54-9A1E7A4F7556}") = "Common.Diagnostics", "..\telemetry\Common.Diagnostics\Common.Diagnostics.csproj", "{612B87B5-32DA-4A09-BC05-A5DF1AD977FF}"
EndProject
Project("{9A19103F-16F7-4668-BE54-9A1E7A4F7556}") = "Common.SmartCache", "..\smartcache\Common.SmartCache\Common.SmartCache.csproj", "{2BFF0895-7E66-46A4-AA2D-8F747582EFD4}"
EndProject
Project("{9A19103F-16F7-4668-BE54-9A1E7A4F7556}") = "PredictionEngine.Trainer", "Samples\00. Security\PredictionEngine.Trainer\PredictionEngine.Trainer.csproj", "{8D5D0BA5-EFAE-4FE1-B92B-509B831B171A}"
EndProject
Project("{9A19103F-16F7-4668-BE54-9A1E7A4F7556}") = "PredictorEngine.Core", "Samples\00. Security\PredictorEngine.Core\PredictorEngine.Core.csproj", "{13B49F70-5D7A-45E0-89CD-FC4831D1A7E9}"
EndProject
Project("{9A19103F-16F7-4668-BE54-9A1E7A4F7556}") = "Common.Diagnostics.Logstrings.Wpf", "..\telemetry\Common.Diagnostics.Logstrings.Wpf\Common.Diagnostics.Logstrings.Wpf.csproj", "{D3C1E089-D509-4518-956C-F50EFB9D3D70}"
EndProject
Project("{9A19103F-16F7-4668-BE54-9A1E7A4F7556}") = "Common.Diagnostics.Logstrings.Identity", "..\telemetry\Common.Diagnostics.Logstrings.Identity\Common.Diagnostics.Logstrings.Identity.csproj", "{D7571709-69BC-4965-B2AB-18E41E89DC3D}"
EndProject
Project("{9A19103F-16F7-4668-BE54-9A1E7A4F7556}") = "Common.Diagnostics.Logstrings.Azure", "..\telemetry\Common.Diagnostics.Logstrings.Azure\Common.Diagnostics.Logstrings.Azure.csproj", "{A05A92D5-581A-46FF-80CE-1395B8EA7AC6}"
EndProject
Project("{9A19103F-16F7-4668-BE54-9A1E7A4F7556}") = "Common.Core.Blazor", "Common.Blazor.Core\Common.Core.Blazor.csproj", "{E4346821-B197-401C-9E0F-F568DF31E460}"
EndProject
Project("{2150E333-8FDC-42A3-9474-1A3956D46DE8}") = "05. OpenAI", "05. OpenAI", "{42330C41-74E1-4C01-B673-190CDD75EA19}"
EndProject
Project("{9A19103F-16F7-4668-BE54-9A1E7A4F7556}") = "OpenAISampleBlazor.Shared", "Samples\05. OpenAI\OpenAISample.Blazor\Shared\OpenAISampleBlazor.Shared.csproj", "{5A0B14A8-34B3-497F-B95B-8F89BAB24958}"
EndProject
Project("{9A19103F-16F7-4668-BE54-9A1E7A4F7556}") = "OpenAISampleBlazor.Client", "Samples\05. OpenAI\OpenAISample.Blazor\Client\OpenAISampleBlazor.Client.csproj", "{D3211B60-F285-4238-B357-6B570A7B2F01}"
EndProject
Project("{9A19103F-16F7-4668-BE54-9A1E7A4F7556}") = "OpenAISampleBlazor.Server", "Samples\05. OpenAI\OpenAISample.Blazor\Server\OpenAISampleBlazor.Server.csproj", "{5E1382B7-01D7-4AC7-A490-9E0807BFD254}"
EndProject
Project("{9A19103F-16F7-4668-BE54-9A1E7A4F7556}") = "KeyVaultSampleBlazor.Shared", "Samples\00. Security\KeyVaultSample.Blazor\Shared\KeyVaultSampleBlazor.Shared.csproj", "{FFDBE96E-6266-4F0A-9A74-4FADD21D5980}"
EndProject
Project("{9A19103F-16F7-4668-BE54-9A1E7A4F7556}") = "KeyVaultSampleBlazor.Client", "Samples\00. Security\KeyVaultSample.Blazor\Client\KeyVaultSampleBlazor.Client.csproj", "{B269F79C-B49F-4FA6-AB02-7B3C5832A8EE}"
EndProject
Project("{9A19103F-16F7-4668-BE54-9A1E7A4F7556}") = "KeyVaultSampleBlazor.Server", "Samples\00. Security\KeyVaultSample.Blazor\Server\KeyVaultSampleBlazor.Server.csproj", "{D3BD42F5-D7CD-4541-BFF7-1E8C3202E11C}"
EndProject
Global
	GlobalSection(SolutionConfigurationPlatforms) = preSolution
		Debug|Any CPU = Debug|Any CPU
		DebugWithProjectReferences|Any CPU = DebugWithProjectReferences|Any CPU
		Release|Any CPU = Release|Any CPU
	EndGlobalSection
	GlobalSection(ProjectConfigurationPlatforms) = postSolution
		{4DE23BCA-924B-42B4-A0C8-00F340F11144}.Debug|Any CPU.ActiveCfg = Debug|Any CPU
		{4DE23BCA-924B-42B4-A0C8-00F340F11144}.Debug|Any CPU.Build.0 = Debug|Any CPU
		{4DE23BCA-924B-42B4-A0C8-00F340F11144}.DebugWithProjectReferences|Any CPU.ActiveCfg = Debug|Any CPU
		{4DE23BCA-924B-42B4-A0C8-00F340F11144}.Release|Any CPU.ActiveCfg = Release|Any CPU
		{4DE23BCA-924B-42B4-A0C8-00F340F11144}.Release|Any CPU.Build.0 = Release|Any CPU
		{D6CDF30D-72E0-43C2-A654-EF3461E535A1}.Debug|Any CPU.ActiveCfg = Debug|Any CPU
		{D6CDF30D-72E0-43C2-A654-EF3461E535A1}.Debug|Any CPU.Build.0 = Debug|Any CPU
		{D6CDF30D-72E0-43C2-A654-EF3461E535A1}.DebugWithProjectReferences|Any CPU.ActiveCfg = DebugWithProjectReferences|Any CPU
		{D6CDF30D-72E0-43C2-A654-EF3461E535A1}.DebugWithProjectReferences|Any CPU.Build.0 = DebugWithProjectReferences|Any CPU
		{D6CDF30D-72E0-43C2-A654-EF3461E535A1}.Release|Any CPU.ActiveCfg = Release|Any CPU
		{D6CDF30D-72E0-43C2-A654-EF3461E535A1}.Release|Any CPU.Build.0 = Release|Any CPU
		{1F576DB8-00D2-414B-BC30-D1D1B5E0FE71}.Debug|Any CPU.ActiveCfg = Debug|Any CPU
		{1F576DB8-00D2-414B-BC30-D1D1B5E0FE71}.Debug|Any CPU.Build.0 = Debug|Any CPU
		{1F576DB8-00D2-414B-BC30-D1D1B5E0FE71}.DebugWithProjectReferences|Any CPU.ActiveCfg = DebugWithProjectReferences|Any CPU
		{1F576DB8-00D2-414B-BC30-D1D1B5E0FE71}.DebugWithProjectReferences|Any CPU.Build.0 = DebugWithProjectReferences|Any CPU
		{1F576DB8-00D2-414B-BC30-D1D1B5E0FE71}.Release|Any CPU.ActiveCfg = Release|Any CPU
		{1F576DB8-00D2-414B-BC30-D1D1B5E0FE71}.Release|Any CPU.Build.0 = Release|Any CPU
		{925EECC6-B8D5-43A3-8D6F-9490603908EB}.Debug|Any CPU.ActiveCfg = Debug|Any CPU
		{925EECC6-B8D5-43A3-8D6F-9490603908EB}.Debug|Any CPU.Build.0 = Debug|Any CPU
		{925EECC6-B8D5-43A3-8D6F-9490603908EB}.DebugWithProjectReferences|Any CPU.ActiveCfg = DebugWithProjectReferences|Any CPU
		{925EECC6-B8D5-43A3-8D6F-9490603908EB}.DebugWithProjectReferences|Any CPU.Build.0 = DebugWithProjectReferences|Any CPU
		{925EECC6-B8D5-43A3-8D6F-9490603908EB}.Release|Any CPU.ActiveCfg = Release|Any CPU
		{925EECC6-B8D5-43A3-8D6F-9490603908EB}.Release|Any CPU.Build.0 = Release|Any CPU
		{C492D380-AB30-490A-BA29-FD368CC175B5}.Debug|Any CPU.ActiveCfg = Debug|Any CPU
		{C492D380-AB30-490A-BA29-FD368CC175B5}.Debug|Any CPU.Build.0 = Debug|Any CPU
		{C492D380-AB30-490A-BA29-FD368CC175B5}.DebugWithProjectReferences|Any CPU.ActiveCfg = DebugWithProjectReferences|Any CPU
		{C492D380-AB30-490A-BA29-FD368CC175B5}.DebugWithProjectReferences|Any CPU.Build.0 = DebugWithProjectReferences|Any CPU
		{C492D380-AB30-490A-BA29-FD368CC175B5}.Release|Any CPU.ActiveCfg = Release|Any CPU
		{C492D380-AB30-490A-BA29-FD368CC175B5}.Release|Any CPU.Build.0 = Release|Any CPU
		{BA929F4C-BB5D-4FA3-9B87-9AC1DD3AB0A8}.Debug|Any CPU.ActiveCfg = Debug|Any CPU
		{BA929F4C-BB5D-4FA3-9B87-9AC1DD3AB0A8}.Debug|Any CPU.Build.0 = Debug|Any CPU
		{BA929F4C-BB5D-4FA3-9B87-9AC1DD3AB0A8}.DebugWithProjectReferences|Any CPU.ActiveCfg = DebugWithProjectReferences|Any CPU
		{BA929F4C-BB5D-4FA3-9B87-9AC1DD3AB0A8}.DebugWithProjectReferences|Any CPU.Build.0 = DebugWithProjectReferences|Any CPU
		{BA929F4C-BB5D-4FA3-9B87-9AC1DD3AB0A8}.Release|Any CPU.ActiveCfg = Release|Any CPU
		{BA929F4C-BB5D-4FA3-9B87-9AC1DD3AB0A8}.Release|Any CPU.Build.0 = Release|Any CPU
		{4A0773E3-090D-4277-B1FE-0A5EC7C9846C}.Debug|Any CPU.ActiveCfg = Debug|Any CPU
		{4A0773E3-090D-4277-B1FE-0A5EC7C9846C}.Debug|Any CPU.Build.0 = Debug|Any CPU
		{4A0773E3-090D-4277-B1FE-0A5EC7C9846C}.DebugWithProjectReferences|Any CPU.ActiveCfg = DebugWithProjectReferences|Any CPU
		{4A0773E3-090D-4277-B1FE-0A5EC7C9846C}.DebugWithProjectReferences|Any CPU.Build.0 = DebugWithProjectReferences|Any CPU
		{4A0773E3-090D-4277-B1FE-0A5EC7C9846C}.Release|Any CPU.ActiveCfg = Release|Any CPU
		{4A0773E3-090D-4277-B1FE-0A5EC7C9846C}.Release|Any CPU.Build.0 = Release|Any CPU
		{95302C54-BDEB-4A76-B68D-465A04A95AF0}.Debug|Any CPU.ActiveCfg = Debug|Any CPU
		{95302C54-BDEB-4A76-B68D-465A04A95AF0}.Debug|Any CPU.Build.0 = Debug|Any CPU
		{95302C54-BDEB-4A76-B68D-465A04A95AF0}.DebugWithProjectReferences|Any CPU.ActiveCfg = DebugWithProjectReferences|Any CPU
		{95302C54-BDEB-4A76-B68D-465A04A95AF0}.DebugWithProjectReferences|Any CPU.Build.0 = DebugWithProjectReferences|Any CPU
		{95302C54-BDEB-4A76-B68D-465A04A95AF0}.Release|Any CPU.ActiveCfg = Release|Any CPU
		{95302C54-BDEB-4A76-B68D-465A04A95AF0}.Release|Any CPU.Build.0 = Release|Any CPU
		{E0135E45-48F3-4DF0-A333-D1DFAC63912D}.Debug|Any CPU.ActiveCfg = Debug|Any CPU
		{E0135E45-48F3-4DF0-A333-D1DFAC63912D}.Debug|Any CPU.Build.0 = Debug|Any CPU
		{E0135E45-48F3-4DF0-A333-D1DFAC63912D}.DebugWithProjectReferences|Any CPU.ActiveCfg = Debug|Any CPU
		{E0135E45-48F3-4DF0-A333-D1DFAC63912D}.Release|Any CPU.ActiveCfg = Release|Any CPU
		{E0135E45-48F3-4DF0-A333-D1DFAC63912D}.Release|Any CPU.Build.0 = Release|Any CPU
		{87206A6D-876B-406A-A6DD-D32E16820290}.Debug|Any CPU.ActiveCfg = Debug|Any CPU
		{87206A6D-876B-406A-A6DD-D32E16820290}.Debug|Any CPU.Build.0 = Debug|Any CPU
		{87206A6D-876B-406A-A6DD-D32E16820290}.DebugWithProjectReferences|Any CPU.ActiveCfg = Debug|Any CPU
		{87206A6D-876B-406A-A6DD-D32E16820290}.Release|Any CPU.ActiveCfg = Release|Any CPU
		{87206A6D-876B-406A-A6DD-D32E16820290}.Release|Any CPU.Build.0 = Release|Any CPU
		{660CE0A7-3574-4379-A829-AFC1412A860E}.Debug|Any CPU.ActiveCfg = Debug|Any CPU
		{660CE0A7-3574-4379-A829-AFC1412A860E}.Debug|Any CPU.Build.0 = Debug|Any CPU
		{660CE0A7-3574-4379-A829-AFC1412A860E}.DebugWithProjectReferences|Any CPU.ActiveCfg = Debug|Any CPU
		{660CE0A7-3574-4379-A829-AFC1412A860E}.Release|Any CPU.ActiveCfg = Release|Any CPU
		{660CE0A7-3574-4379-A829-AFC1412A860E}.Release|Any CPU.Build.0 = Release|Any CPU
		{50300CEC-1F4D-4CE8-B66B-1AF5658FE102}.Debug|Any CPU.ActiveCfg = Debug|Any CPU
		{50300CEC-1F4D-4CE8-B66B-1AF5658FE102}.Debug|Any CPU.Build.0 = Debug|Any CPU
		{50300CEC-1F4D-4CE8-B66B-1AF5658FE102}.DebugWithProjectReferences|Any CPU.ActiveCfg = Debug|Any CPU
		{50300CEC-1F4D-4CE8-B66B-1AF5658FE102}.Release|Any CPU.ActiveCfg = Release|Any CPU
		{50300CEC-1F4D-4CE8-B66B-1AF5658FE102}.Release|Any CPU.Build.0 = Release|Any CPU
		{52422A88-918A-4588-A22A-AAD40EA28F94}.Debug|Any CPU.ActiveCfg = Debug
		{52422A88-918A-4588-A22A-AAD40EA28F94}.DebugWithProjectReferences|Any CPU.ActiveCfg = Debug
		{52422A88-918A-4588-A22A-AAD40EA28F94}.Release|Any CPU.ActiveCfg = Release
		{60052275-4E3B-43E3-9A7D-698D35F2F9A4}.Debug|Any CPU.ActiveCfg = Debug|Any CPU
		{60052275-4E3B-43E3-9A7D-698D35F2F9A4}.Debug|Any CPU.Build.0 = Debug|Any CPU
		{60052275-4E3B-43E3-9A7D-698D35F2F9A4}.DebugWithProjectReferences|Any CPU.ActiveCfg = DebugWithProjectReferences|Any CPU
		{60052275-4E3B-43E3-9A7D-698D35F2F9A4}.DebugWithProjectReferences|Any CPU.Build.0 = DebugWithProjectReferences|Any CPU
		{60052275-4E3B-43E3-9A7D-698D35F2F9A4}.Release|Any CPU.ActiveCfg = Release|Any CPU
		{60052275-4E3B-43E3-9A7D-698D35F2F9A4}.Release|Any CPU.Build.0 = Release|Any CPU
		{9541A7B2-FAAE-4504-A4E5-B7E2638BED8E}.Debug|Any CPU.ActiveCfg = Debug|Any CPU
		{9541A7B2-FAAE-4504-A4E5-B7E2638BED8E}.Debug|Any CPU.Build.0 = Debug|Any CPU
		{9541A7B2-FAAE-4504-A4E5-B7E2638BED8E}.DebugWithProjectReferences|Any CPU.ActiveCfg = DebugWithProjectReferences|Any CPU
		{9541A7B2-FAAE-4504-A4E5-B7E2638BED8E}.DebugWithProjectReferences|Any CPU.Build.0 = DebugWithProjectReferences|Any CPU
		{9541A7B2-FAAE-4504-A4E5-B7E2638BED8E}.Release|Any CPU.ActiveCfg = Release|Any CPU
		{9541A7B2-FAAE-4504-A4E5-B7E2638BED8E}.Release|Any CPU.Build.0 = Release|Any CPU
		{A9C02EDC-2ECB-414C-AD4B-A2B2DA6594F8}.Debug|Any CPU.ActiveCfg = Debug|Any CPU
		{A9C02EDC-2ECB-414C-AD4B-A2B2DA6594F8}.Debug|Any CPU.Build.0 = Debug|Any CPU
		{A9C02EDC-2ECB-414C-AD4B-A2B2DA6594F8}.DebugWithProjectReferences|Any CPU.ActiveCfg = DebugWithProjectReferences|Any CPU
		{A9C02EDC-2ECB-414C-AD4B-A2B2DA6594F8}.DebugWithProjectReferences|Any CPU.Build.0 = DebugWithProjectReferences|Any CPU
		{A9C02EDC-2ECB-414C-AD4B-A2B2DA6594F8}.Release|Any CPU.ActiveCfg = Release|Any CPU
		{A9C02EDC-2ECB-414C-AD4B-A2B2DA6594F8}.Release|Any CPU.Build.0 = Release|Any CPU
		{AE9628BF-4839-4E5A-95F8-336C1EE20C3B}.Debug|Any CPU.ActiveCfg = Debug|Any CPU
		{AE9628BF-4839-4E5A-95F8-336C1EE20C3B}.Debug|Any CPU.Build.0 = Debug|Any CPU
		{AE9628BF-4839-4E5A-95F8-336C1EE20C3B}.DebugWithProjectReferences|Any CPU.ActiveCfg = DebugWithProjectReferences|Any CPU
		{AE9628BF-4839-4E5A-95F8-336C1EE20C3B}.DebugWithProjectReferences|Any CPU.Build.0 = DebugWithProjectReferences|Any CPU
		{AE9628BF-4839-4E5A-95F8-336C1EE20C3B}.Release|Any CPU.ActiveCfg = Release|Any CPU
		{AE9628BF-4839-4E5A-95F8-336C1EE20C3B}.Release|Any CPU.Build.0 = Release|Any CPU
		{FBBA4BA9-46E6-4305-B74C-3BA364387FFF}.Debug|Any CPU.ActiveCfg = Debug|Any CPU
		{FBBA4BA9-46E6-4305-B74C-3BA364387FFF}.Debug|Any CPU.Build.0 = Debug|Any CPU
		{FBBA4BA9-46E6-4305-B74C-3BA364387FFF}.DebugWithProjectReferences|Any CPU.ActiveCfg = DebugWithProjectReferences|Any CPU
		{FBBA4BA9-46E6-4305-B74C-3BA364387FFF}.DebugWithProjectReferences|Any CPU.Build.0 = DebugWithProjectReferences|Any CPU
		{FBBA4BA9-46E6-4305-B74C-3BA364387FFF}.Release|Any CPU.ActiveCfg = Release|Any CPU
		{FBBA4BA9-46E6-4305-B74C-3BA364387FFF}.Release|Any CPU.Build.0 = Release|Any CPU
		{86DD871E-D981-42E3-8A81-42DD27189D66}.Debug|Any CPU.ActiveCfg = Debug|Any CPU
		{86DD871E-D981-42E3-8A81-42DD27189D66}.Debug|Any CPU.Build.0 = Debug|Any CPU
		{86DD871E-D981-42E3-8A81-42DD27189D66}.DebugWithProjectReferences|Any CPU.ActiveCfg = DebugWithProjectReferences|Any CPU
		{86DD871E-D981-42E3-8A81-42DD27189D66}.DebugWithProjectReferences|Any CPU.Build.0 = DebugWithProjectReferences|Any CPU
		{86DD871E-D981-42E3-8A81-42DD27189D66}.Release|Any CPU.ActiveCfg = Release|Any CPU
		{86DD871E-D981-42E3-8A81-42DD27189D66}.Release|Any CPU.Build.0 = Release|Any CPU
		{E6C558BC-46CF-4D6F-A336-DA534D932183}.Debug|Any CPU.ActiveCfg = Debug|Any CPU
		{E6C558BC-46CF-4D6F-A336-DA534D932183}.Debug|Any CPU.Build.0 = Debug|Any CPU
		{E6C558BC-46CF-4D6F-A336-DA534D932183}.DebugWithProjectReferences|Any CPU.ActiveCfg = DebugWithProjectReferences|Any CPU
		{E6C558BC-46CF-4D6F-A336-DA534D932183}.DebugWithProjectReferences|Any CPU.Build.0 = DebugWithProjectReferences|Any CPU
		{E6C558BC-46CF-4D6F-A336-DA534D932183}.Release|Any CPU.ActiveCfg = Release|Any CPU
		{E6C558BC-46CF-4D6F-A336-DA534D932183}.Release|Any CPU.Build.0 = Release|Any CPU
		{C01C4922-CE62-4FD9-B08E-A9CC9938A625}.Debug|Any CPU.ActiveCfg = Debug|Any CPU
		{C01C4922-CE62-4FD9-B08E-A9CC9938A625}.Debug|Any CPU.Build.0 = Debug|Any CPU
		{C01C4922-CE62-4FD9-B08E-A9CC9938A625}.DebugWithProjectReferences|Any CPU.ActiveCfg = DebugWithProjectReferences|Any CPU
		{C01C4922-CE62-4FD9-B08E-A9CC9938A625}.DebugWithProjectReferences|Any CPU.Build.0 = DebugWithProjectReferences|Any CPU
		{C01C4922-CE62-4FD9-B08E-A9CC9938A625}.Release|Any CPU.ActiveCfg = Release|Any CPU
		{C01C4922-CE62-4FD9-B08E-A9CC9938A625}.Release|Any CPU.Build.0 = Release|Any CPU
		{A3680A90-1D4C-4C49-8469-3FD494A8551C}.Debug|Any CPU.ActiveCfg = Debug|Any CPU
		{A3680A90-1D4C-4C49-8469-3FD494A8551C}.Debug|Any CPU.Build.0 = Debug|Any CPU
		{A3680A90-1D4C-4C49-8469-3FD494A8551C}.DebugWithProjectReferences|Any CPU.ActiveCfg = DebugWithProjectReferences|Any CPU
		{A3680A90-1D4C-4C49-8469-3FD494A8551C}.DebugWithProjectReferences|Any CPU.Build.0 = DebugWithProjectReferences|Any CPU
		{A3680A90-1D4C-4C49-8469-3FD494A8551C}.Release|Any CPU.ActiveCfg = Release|Any CPU
		{A3680A90-1D4C-4C49-8469-3FD494A8551C}.Release|Any CPU.Build.0 = Release|Any CPU
		{B371E27A-E05E-40BF-B4BA-85A48EB7A416}.Debug|Any CPU.ActiveCfg = Debug|Any CPU
		{B371E27A-E05E-40BF-B4BA-85A48EB7A416}.Debug|Any CPU.Build.0 = Debug|Any CPU
		{B371E27A-E05E-40BF-B4BA-85A48EB7A416}.DebugWithProjectReferences|Any CPU.ActiveCfg = DebugWithProjectReferences|Any CPU
		{B371E27A-E05E-40BF-B4BA-85A48EB7A416}.DebugWithProjectReferences|Any CPU.Build.0 = DebugWithProjectReferences|Any CPU
		{B371E27A-E05E-40BF-B4BA-85A48EB7A416}.Release|Any CPU.ActiveCfg = Release|Any CPU
		{B371E27A-E05E-40BF-B4BA-85A48EB7A416}.Release|Any CPU.Build.0 = Release|Any CPU
		{F2E65731-A481-4499-8234-E06DD0DDE076}.Debug|Any CPU.ActiveCfg = Debug|Any CPU
		{F2E65731-A481-4499-8234-E06DD0DDE076}.Debug|Any CPU.Build.0 = Debug|Any CPU
		{F2E65731-A481-4499-8234-E06DD0DDE076}.DebugWithProjectReferences|Any CPU.ActiveCfg = DebugWithProjectReferences|Any CPU
		{F2E65731-A481-4499-8234-E06DD0DDE076}.DebugWithProjectReferences|Any CPU.Build.0 = DebugWithProjectReferences|Any CPU
		{F2E65731-A481-4499-8234-E06DD0DDE076}.Release|Any CPU.ActiveCfg = Release|Any CPU
		{F2E65731-A481-4499-8234-E06DD0DDE076}.Release|Any CPU.Build.0 = Release|Any CPU
		{B139BF01-3AF4-4351-9A31-B0D377A1D167}.Debug|Any CPU.ActiveCfg = Debug|Any CPU
		{B139BF01-3AF4-4351-9A31-B0D377A1D167}.Debug|Any CPU.Build.0 = Debug|Any CPU
		{B139BF01-3AF4-4351-9A31-B0D377A1D167}.DebugWithProjectReferences|Any CPU.ActiveCfg = DebugWithProjectReferences|Any CPU
		{B139BF01-3AF4-4351-9A31-B0D377A1D167}.DebugWithProjectReferences|Any CPU.Build.0 = DebugWithProjectReferences|Any CPU
		{B139BF01-3AF4-4351-9A31-B0D377A1D167}.Release|Any CPU.ActiveCfg = Release|Any CPU
		{B139BF01-3AF4-4351-9A31-B0D377A1D167}.Release|Any CPU.Build.0 = Release|Any CPU
		{E52F2A82-5706-49E2-A4F9-C4348668B770}.Debug|Any CPU.ActiveCfg = Debug|Any CPU
		{E52F2A82-5706-49E2-A4F9-C4348668B770}.Debug|Any CPU.Build.0 = Debug|Any CPU
		{E52F2A82-5706-49E2-A4F9-C4348668B770}.DebugWithProjectReferences|Any CPU.ActiveCfg = DebugWithProjectReferences|Any CPU
		{E52F2A82-5706-49E2-A4F9-C4348668B770}.DebugWithProjectReferences|Any CPU.Build.0 = DebugWithProjectReferences|Any CPU
		{E52F2A82-5706-49E2-A4F9-C4348668B770}.Release|Any CPU.ActiveCfg = Release|Any CPU
		{E52F2A82-5706-49E2-A4F9-C4348668B770}.Release|Any CPU.Build.0 = Release|Any CPU
		{612B87B5-32DA-4A09-BC05-A5DF1AD977FF}.Debug|Any CPU.ActiveCfg = Debug|Any CPU
		{612B87B5-32DA-4A09-BC05-A5DF1AD977FF}.Debug|Any CPU.Build.0 = Debug|Any CPU
		{612B87B5-32DA-4A09-BC05-A5DF1AD977FF}.DebugWithProjectReferences|Any CPU.ActiveCfg = DebugWithProjectReferences|Any CPU
		{612B87B5-32DA-4A09-BC05-A5DF1AD977FF}.DebugWithProjectReferences|Any CPU.Build.0 = DebugWithProjectReferences|Any CPU
		{612B87B5-32DA-4A09-BC05-A5DF1AD977FF}.Release|Any CPU.ActiveCfg = Release|Any CPU
		{612B87B5-32DA-4A09-BC05-A5DF1AD977FF}.Release|Any CPU.Build.0 = Release|Any CPU
		{2BFF0895-7E66-46A4-AA2D-8F747582EFD4}.Debug|Any CPU.ActiveCfg = Debug|Any CPU
		{2BFF0895-7E66-46A4-AA2D-8F747582EFD4}.Debug|Any CPU.Build.0 = Debug|Any CPU
		{2BFF0895-7E66-46A4-AA2D-8F747582EFD4}.DebugWithProjectReferences|Any CPU.ActiveCfg = DebugWithProjectReferences|Any CPU
		{2BFF0895-7E66-46A4-AA2D-8F747582EFD4}.DebugWithProjectReferences|Any CPU.Build.0 = DebugWithProjectReferences|Any CPU
		{2BFF0895-7E66-46A4-AA2D-8F747582EFD4}.Release|Any CPU.ActiveCfg = Release|Any CPU
		{2BFF0895-7E66-46A4-AA2D-8F747582EFD4}.Release|Any CPU.Build.0 = Release|Any CPU
		{8D5D0BA5-EFAE-4FE1-B92B-509B831B171A}.Debug|Any CPU.ActiveCfg = Debug|Any CPU
		{8D5D0BA5-EFAE-4FE1-B92B-509B831B171A}.Debug|Any CPU.Build.0 = Debug|Any CPU
		{8D5D0BA5-EFAE-4FE1-B92B-509B831B171A}.DebugWithProjectReferences|Any CPU.ActiveCfg = DebugWithProjectReferences|Any CPU
		{8D5D0BA5-EFAE-4FE1-B92B-509B831B171A}.DebugWithProjectReferences|Any CPU.Build.0 = DebugWithProjectReferences|Any CPU
		{8D5D0BA5-EFAE-4FE1-B92B-509B831B171A}.Release|Any CPU.ActiveCfg = Release|Any CPU
		{8D5D0BA5-EFAE-4FE1-B92B-509B831B171A}.Release|Any CPU.Build.0 = Release|Any CPU
		{13B49F70-5D7A-45E0-89CD-FC4831D1A7E9}.Debug|Any CPU.ActiveCfg = Debug|Any CPU
		{13B49F70-5D7A-45E0-89CD-FC4831D1A7E9}.Debug|Any CPU.Build.0 = Debug|Any CPU
		{13B49F70-5D7A-45E0-89CD-FC4831D1A7E9}.DebugWithProjectReferences|Any CPU.ActiveCfg = DebugWithProjectReferences|Any CPU
		{13B49F70-5D7A-45E0-89CD-FC4831D1A7E9}.DebugWithProjectReferences|Any CPU.Build.0 = DebugWithProjectReferences|Any CPU
		{13B49F70-5D7A-45E0-89CD-FC4831D1A7E9}.Release|Any CPU.ActiveCfg = Release|Any CPU
		{13B49F70-5D7A-45E0-89CD-FC4831D1A7E9}.Release|Any CPU.Build.0 = Release|Any CPU
		{D3C1E089-D509-4518-956C-F50EFB9D3D70}.Debug|Any CPU.ActiveCfg = Debug|Any CPU
		{D3C1E089-D509-4518-956C-F50EFB9D3D70}.Debug|Any CPU.Build.0 = Debug|Any CPU
		{D3C1E089-D509-4518-956C-F50EFB9D3D70}.DebugWithProjectReferences|Any CPU.ActiveCfg = Debug|Any CPU
		{D3C1E089-D509-4518-956C-F50EFB9D3D70}.DebugWithProjectReferences|Any CPU.Build.0 = Debug|Any CPU
		{D3C1E089-D509-4518-956C-F50EFB9D3D70}.Release|Any CPU.ActiveCfg = Release|Any CPU
		{D3C1E089-D509-4518-956C-F50EFB9D3D70}.Release|Any CPU.Build.0 = Release|Any CPU
		{D7571709-69BC-4965-B2AB-18E41E89DC3D}.Debug|Any CPU.ActiveCfg = Debug|Any CPU
		{D7571709-69BC-4965-B2AB-18E41E89DC3D}.Debug|Any CPU.Build.0 = Debug|Any CPU
		{D7571709-69BC-4965-B2AB-18E41E89DC3D}.DebugWithProjectReferences|Any CPU.ActiveCfg = Debug|Any CPU
		{D7571709-69BC-4965-B2AB-18E41E89DC3D}.DebugWithProjectReferences|Any CPU.Build.0 = Debug|Any CPU
		{D7571709-69BC-4965-B2AB-18E41E89DC3D}.Release|Any CPU.ActiveCfg = Release|Any CPU
		{D7571709-69BC-4965-B2AB-18E41E89DC3D}.Release|Any CPU.Build.0 = Release|Any CPU
		{A05A92D5-581A-46FF-80CE-1395B8EA7AC6}.Debug|Any CPU.ActiveCfg = Debug|Any CPU
		{A05A92D5-581A-46FF-80CE-1395B8EA7AC6}.Debug|Any CPU.Build.0 = Debug|Any CPU
		{A05A92D5-581A-46FF-80CE-1395B8EA7AC6}.DebugWithProjectReferences|Any CPU.ActiveCfg = Debug|Any CPU
		{A05A92D5-581A-46FF-80CE-1395B8EA7AC6}.DebugWithProjectReferences|Any CPU.Build.0 = Debug|Any CPU
		{A05A92D5-581A-46FF-80CE-1395B8EA7AC6}.Release|Any CPU.ActiveCfg = Release|Any CPU
		{A05A92D5-581A-46FF-80CE-1395B8EA7AC6}.Release|Any CPU.Build.0 = Release|Any CPU
		{E4346821-B197-401C-9E0F-F568DF31E460}.Debug|Any CPU.ActiveCfg = Debug|Any CPU
		{E4346821-B197-401C-9E0F-F568DF31E460}.Debug|Any CPU.Build.0 = Debug|Any CPU
		{E4346821-B197-401C-9E0F-F568DF31E460}.DebugWithProjectReferences|Any CPU.ActiveCfg = Debug|Any CPU
		{E4346821-B197-401C-9E0F-F568DF31E460}.DebugWithProjectReferences|Any CPU.Build.0 = Debug|Any CPU
		{E4346821-B197-401C-9E0F-F568DF31E460}.Release|Any CPU.ActiveCfg = Release|Any CPU
		{E4346821-B197-401C-9E0F-F568DF31E460}.Release|Any CPU.Build.0 = Release|Any CPU
		{5A0B14A8-34B3-497F-B95B-8F89BAB24958}.Debug|Any CPU.ActiveCfg = Debug|Any CPU
		{5A0B14A8-34B3-497F-B95B-8F89BAB24958}.Debug|Any CPU.Build.0 = Debug|Any CPU
		{5A0B14A8-34B3-497F-B95B-8F89BAB24958}.DebugWithProjectReferences|Any CPU.ActiveCfg = Debug|Any CPU
		{5A0B14A8-34B3-497F-B95B-8F89BAB24958}.DebugWithProjectReferences|Any CPU.Build.0 = Debug|Any CPU
		{5A0B14A8-34B3-497F-B95B-8F89BAB24958}.Release|Any CPU.ActiveCfg = Release|Any CPU
		{5A0B14A8-34B3-497F-B95B-8F89BAB24958}.Release|Any CPU.Build.0 = Release|Any CPU
		{D3211B60-F285-4238-B357-6B570A7B2F01}.Debug|Any CPU.ActiveCfg = Debug|Any CPU
		{D3211B60-F285-4238-B357-6B570A7B2F01}.Debug|Any CPU.Build.0 = Debug|Any CPU
		{D3211B60-F285-4238-B357-6B570A7B2F01}.DebugWithProjectReferences|Any CPU.ActiveCfg = Debug|Any CPU
		{D3211B60-F285-4238-B357-6B570A7B2F01}.DebugWithProjectReferences|Any CPU.Build.0 = Debug|Any CPU
		{D3211B60-F285-4238-B357-6B570A7B2F01}.Release|Any CPU.ActiveCfg = Release|Any CPU
		{D3211B60-F285-4238-B357-6B570A7B2F01}.Release|Any CPU.Build.0 = Release|Any CPU
		{5E1382B7-01D7-4AC7-A490-9E0807BFD254}.Debug|Any CPU.ActiveCfg = Debug|Any CPU
		{5E1382B7-01D7-4AC7-A490-9E0807BFD254}.Debug|Any CPU.Build.0 = Debug|Any CPU
		{5E1382B7-01D7-4AC7-A490-9E0807BFD254}.DebugWithProjectReferences|Any CPU.ActiveCfg = Debug|Any CPU
		{5E1382B7-01D7-4AC7-A490-9E0807BFD254}.DebugWithProjectReferences|Any CPU.Build.0 = Debug|Any CPU
		{5E1382B7-01D7-4AC7-A490-9E0807BFD254}.Release|Any CPU.ActiveCfg = Release|Any CPU
		{5E1382B7-01D7-4AC7-A490-9E0807BFD254}.Release|Any CPU.Build.0 = Release|Any CPU
		{FFDBE96E-6266-4F0A-9A74-4FADD21D5980}.Debug|Any CPU.ActiveCfg = Debug|Any CPU
		{FFDBE96E-6266-4F0A-9A74-4FADD21D5980}.Debug|Any CPU.Build.0 = Debug|Any CPU
		{FFDBE96E-6266-4F0A-9A74-4FADD21D5980}.DebugWithProjectReferences|Any CPU.ActiveCfg = Debug|Any CPU
		{FFDBE96E-6266-4F0A-9A74-4FADD21D5980}.DebugWithProjectReferences|Any CPU.Build.0 = Debug|Any CPU
		{FFDBE96E-6266-4F0A-9A74-4FADD21D5980}.Release|Any CPU.ActiveCfg = Release|Any CPU
		{FFDBE96E-6266-4F0A-9A74-4FADD21D5980}.Release|Any CPU.Build.0 = Release|Any CPU
		{B269F79C-B49F-4FA6-AB02-7B3C5832A8EE}.Debug|Any CPU.ActiveCfg = Debug|Any CPU
		{B269F79C-B49F-4FA6-AB02-7B3C5832A8EE}.Debug|Any CPU.Build.0 = Debug|Any CPU
		{B269F79C-B49F-4FA6-AB02-7B3C5832A8EE}.DebugWithProjectReferences|Any CPU.ActiveCfg = Debug|Any CPU
		{B269F79C-B49F-4FA6-AB02-7B3C5832A8EE}.DebugWithProjectReferences|Any CPU.Build.0 = Debug|Any CPU
		{B269F79C-B49F-4FA6-AB02-7B3C5832A8EE}.Release|Any CPU.ActiveCfg = Release|Any CPU
		{B269F79C-B49F-4FA6-AB02-7B3C5832A8EE}.Release|Any CPU.Build.0 = Release|Any CPU
		{D3BD42F5-D7CD-4541-BFF7-1E8C3202E11C}.Debug|Any CPU.ActiveCfg = Debug|Any CPU
		{D3BD42F5-D7CD-4541-BFF7-1E8C3202E11C}.Debug|Any CPU.Build.0 = Debug|Any CPU
		{D3BD42F5-D7CD-4541-BFF7-1E8C3202E11C}.DebugWithProjectReferences|Any CPU.ActiveCfg = Debug|Any CPU
		{D3BD42F5-D7CD-4541-BFF7-1E8C3202E11C}.DebugWithProjectReferences|Any CPU.Build.0 = Debug|Any CPU
		{D3BD42F5-D7CD-4541-BFF7-1E8C3202E11C}.Release|Any CPU.ActiveCfg = Release|Any CPU
		{D3BD42F5-D7CD-4541-BFF7-1E8C3202E11C}.Release|Any CPU.Build.0 = Release|Any CPU
	EndGlobalSection
	GlobalSection(SolutionProperties) = preSolution
		HideSolutionNode = FALSE
	EndGlobalSection
	GlobalSection(NestedProjects) = preSolution
		{4DE23BCA-924B-42B4-A0C8-00F340F11144} = {43A68957-141D-4F90-B419-9443939E1732}
		{D6CDF30D-72E0-43C2-A654-EF3461E535A1} = {4A443D9E-903F-4AC9-94F8-3FBC6E96713D}
		{1F576DB8-00D2-414B-BC30-D1D1B5E0FE71} = {4A443D9E-903F-4AC9-94F8-3FBC6E96713D}
		{925EECC6-B8D5-43A3-8D6F-9490603908EB} = {4A443D9E-903F-4AC9-94F8-3FBC6E96713D}
		{C492D380-AB30-490A-BA29-FD368CC175B5} = {24A3EDBA-F995-4D90-BA60-4655BA36C4CE}
		{BA929F4C-BB5D-4FA3-9B87-9AC1DD3AB0A8} = {24A3EDBA-F995-4D90-BA60-4655BA36C4CE}
		{A75535B2-DC8C-4E71-82FF-8E78B6322981} = {0E6ABEED-3FA9-47B1-BA9C-8621C788AD22}
		{4A0773E3-090D-4277-B1FE-0A5EC7C9846C} = {A75535B2-DC8C-4E71-82FF-8E78B6322981}
		{95302C54-BDEB-4A76-B68D-465A04A95AF0} = {A75535B2-DC8C-4E71-82FF-8E78B6322981}
		{7DD11D17-E986-41B0-9937-0F3DEA8F36EA} = {0E6ABEED-3FA9-47B1-BA9C-8621C788AD22}
		{E0135E45-48F3-4DF0-A333-D1DFAC63912D} = {7DD11D17-E986-41B0-9937-0F3DEA8F36EA}
		{87206A6D-876B-406A-A6DD-D32E16820290} = {7DD11D17-E986-41B0-9937-0F3DEA8F36EA}
		{660CE0A7-3574-4379-A829-AFC1412A860E} = {7DD11D17-E986-41B0-9937-0F3DEA8F36EA}
		{50300CEC-1F4D-4CE8-B66B-1AF5658FE102} = {7DD11D17-E986-41B0-9937-0F3DEA8F36EA}
		{52422A88-918A-4588-A22A-AAD40EA28F94} = {7DD11D17-E986-41B0-9937-0F3DEA8F36EA}
		{60052275-4E3B-43E3-9A7D-698D35F2F9A4} = {4A443D9E-903F-4AC9-94F8-3FBC6E96713D}
		{9541A7B2-FAAE-4504-A4E5-B7E2638BED8E} = {4A443D9E-903F-4AC9-94F8-3FBC6E96713D}
		{B9D03668-D5CC-4ECB-8F0E-4C68BCF5C28F} = {0E6ABEED-3FA9-47B1-BA9C-8621C788AD22}
		{1E1E7A2C-8019-447F-9764-7322B9660918} = {24A3EDBA-F995-4D90-BA60-4655BA36C4CE}
		{A9C02EDC-2ECB-414C-AD4B-A2B2DA6594F8} = {4A443D9E-903F-4AC9-94F8-3FBC6E96713D}
		{AE9628BF-4839-4E5A-95F8-336C1EE20C3B} = {4A443D9E-903F-4AC9-94F8-3FBC6E96713D}
		{8F685748-B1CE-4DFA-B367-17A12C9E8FBE} = {24A3EDBA-F995-4D90-BA60-4655BA36C4CE}
		{FBBA4BA9-46E6-4305-B74C-3BA364387FFF} = {4A443D9E-903F-4AC9-94F8-3FBC6E96713D}
		{53E749AA-CF51-4F7C-97AC-39D5C712B72F} = {24A3EDBA-F995-4D90-BA60-4655BA36C4CE}
		{141FE649-2E71-462C-806D-CF84EA336E07} = {24A3EDBA-F995-4D90-BA60-4655BA36C4CE}
		{86DD871E-D981-42E3-8A81-42DD27189D66} = {1E1E7A2C-8019-447F-9764-7322B9660918}
		{E6C558BC-46CF-4D6F-A336-DA534D932183} = {1E1E7A2C-8019-447F-9764-7322B9660918}
		{C01C4922-CE62-4FD9-B08E-A9CC9938A625} = {53E749AA-CF51-4F7C-97AC-39D5C712B72F}
		{A3680A90-1D4C-4C49-8469-3FD494A8551C} = {141FE649-2E71-462C-806D-CF84EA336E07}
		{B371E27A-E05E-40BF-B4BA-85A48EB7A416} = {53E749AA-CF51-4F7C-97AC-39D5C712B72F}
		{F2E65731-A481-4499-8234-E06DD0DDE076} = {8F685748-B1CE-4DFA-B367-17A12C9E8FBE}
		{B139BF01-3AF4-4351-9A31-B0D377A1D167} = {1E1E7A2C-8019-447F-9764-7322B9660918}
		{E52F2A82-5706-49E2-A4F9-C4348668B770} = {1E1E7A2C-8019-447F-9764-7322B9660918}
		{612B87B5-32DA-4A09-BC05-A5DF1AD977FF} = {C67834F5-0EA5-4666-B4D5-FA819053AC88}
		{2BFF0895-7E66-46A4-AA2D-8F747582EFD4} = {C67834F5-0EA5-4666-B4D5-FA819053AC88}
		{8D5D0BA5-EFAE-4FE1-B92B-509B831B171A} = {8F685748-B1CE-4DFA-B367-17A12C9E8FBE}
		{13B49F70-5D7A-45E0-89CD-FC4831D1A7E9} = {8F685748-B1CE-4DFA-B367-17A12C9E8FBE}
		{D3C1E089-D509-4518-956C-F50EFB9D3D70} = {C67834F5-0EA5-4666-B4D5-FA819053AC88}
		{D7571709-69BC-4965-B2AB-18E41E89DC3D} = {C67834F5-0EA5-4666-B4D5-FA819053AC88}
		{A05A92D5-581A-46FF-80CE-1395B8EA7AC6} = {C67834F5-0EA5-4666-B4D5-FA819053AC88}
		{E4346821-B197-401C-9E0F-F568DF31E460} = {4A443D9E-903F-4AC9-94F8-3FBC6E96713D}
		{42330C41-74E1-4C01-B673-190CDD75EA19} = {24A3EDBA-F995-4D90-BA60-4655BA36C4CE}
		{5A0B14A8-34B3-497F-B95B-8F89BAB24958} = {42330C41-74E1-4C01-B673-190CDD75EA19}
		{D3211B60-F285-4238-B357-6B570A7B2F01} = {42330C41-74E1-4C01-B673-190CDD75EA19}
		{5E1382B7-01D7-4AC7-A490-9E0807BFD254} = {42330C41-74E1-4C01-B673-190CDD75EA19}
		{FFDBE96E-6266-4F0A-9A74-4FADD21D5980} = {8F685748-B1CE-4DFA-B367-17A12C9E8FBE}
		{B269F79C-B49F-4FA6-AB02-7B3C5832A8EE} = {8F685748-B1CE-4DFA-B367-17A12C9E8FBE}
		{D3BD42F5-D7CD-4541-BFF7-1E8C3202E11C} = {8F685748-B1CE-4DFA-B367-17A12C9E8FBE}
	EndGlobalSection
	GlobalSection(ExtensibilityGlobals) = postSolution
		SolutionGuid = {5B75EF8D-0D79-4B04-8149-CADF5FDBF419}
	EndGlobalSection
EndGlobal
